
Microsoft Visual Studio Solution File, Format Version 12.00
# Visual Studio Version 17
VisualStudioVersion = 17.8.34330.188
MinimumVisualStudioVersion = 10.0.40219.1
Project("{FAE04EC0-301F-11D3-BF4B-00C04F79EFBC}") = "BloodPressureLogApp", "BloodPressureLogApp\BloodPressureLogApp.csproj", "{4281EBE9-72ED-4023-BF8A-28E56E89B7EE}"
EndProject
Global
	GlobalSection(SolutionConfigurationPlatforms) = preSolution
		Debug|Any CPU = Debug|Any CPU
		Release|Any CPU = Release|Any CPU
	EndGlobalSection
	GlobalSection(ProjectConfigurationPlatforms) = postSolution
		{4281EBE9-72ED-4023-BF8A-28E56E89B7EE}.Debug|Any CPU.ActiveCfg = Debug|Any CPU
		{4281EBE9-72ED-4023-BF8A-28E56E89B7EE}.Debug|Any CPU.Build.0 = Debug|Any CPU
		{4281EBE9-72ED-4023-BF8A-28E56E89B7EE}.Debug|Any CPU.Deploy.0 = Debug|Any CPU
		{4281EBE9-72ED-4023-BF8A-28E56E89B7EE}.Release|Any CPU.ActiveCfg = Release|Any CPU
		{4281EBE9-72ED-4023-BF8A-28E56E89B7EE}.Release|Any CPU.Build.0 = Release|Any CPU
		{4281EBE9-72ED-4023-BF8A-28E56E89B7EE}.Release|Any CPU.Deploy.0 = Release|Any CPU
	EndGlobalSection
	GlobalSection(SolutionProperties) = preSolution
		HideSolutionNode = FALSE
	EndGlobalSection
	GlobalSection(ExtensibilityGlobals) = postSolution
		SolutionGuid = {3C4B8952-A22F-4B5C-80DC-0702B4CEDF4B}
	EndGlobalSection
EndGlobal
